PODS:
  - GoogleMaps (2.1.0):
    - GoogleMaps/Maps (= 2.1.0)
  - GoogleMaps/Base (2.1.0)
  - GoogleMaps/Maps (2.1.0):
    - GoogleMaps/Base (= 2.1.0)
  - RxCocoa (3.0.0-rc.1):
    - RxSwift (~> 3.0.0-rc.1)
  - RxGoogleMaps (2.1.2):
    - RxCocoa (~> 3.0.0-rc.1)
    - RxSwift (~> 3.0.0-rc.1)
  - RxSwift (3.0.0-rc.1)

DEPENDENCIES:
  - GoogleMaps (~> 2.1.0)
  - RxGoogleMaps (from `./`)

EXTERNAL SOURCES:
  RxGoogleMaps:
    :path: "./"

SPEC CHECKSUMS:
  GoogleMaps: 06589b9a38097bce0cd6e90f0fd9b5e4b4a9344c
  RxCocoa: e72a074a7f38896ec0382d096df5f58df10115c7
  RxGoogleMaps: f402539893af9a68785506f988deafccd0d95ccb
  RxSwift: d7a3819dd71789c473e3cbf1a0c02d58b2692739

PODFILE CHECKSUM: 71aee9cbf63e0f6325ab78366a9e3c7e2e7a7596

COCOAPODS: 1.1.0.rc.3
