PODS:
  - GoogleMaps (2.5.0):
    - GoogleMaps/Maps (= 2.5.0)
  - GoogleMaps/Base (2.5.0)
  - GoogleMaps/Maps (2.5.0):
    - GoogleMaps/Base
  - RxCocoa (4.0.0):
    - RxSwift (~> 4.0)
  - RxGoogleMaps (3.0.0):
    - GoogleMaps (~> 2.5.0)
    - RxCocoa (~> 4.0)
    - RxSwift (~> 4.0)
  - RxSwift (4.0.0)

DEPENDENCIES:
  - RxGoogleMaps (from `./`)

EXTERNAL SOURCES:
  RxGoogleMaps:
    :path: ./

SPEC CHECKSUMS:
  GoogleMaps: c087b8e5dfe87ca6ebf59adb9b4894a4146bec4f
  RxCocoa: d62846ca96495d862fa4c59ea7d87e5031d7340e
  RxGoogleMaps: 8e371a550605f4f0818768ffca35b66537fb5cd6
  RxSwift: fd680d75283beb5e2559486f3c0ff852f0d35334

PODFILE CHECKSUM: 42cd89d2d2c5a0dde06fa5854366a46cfe02a5ca

COCOAPODS: 1.4.0.beta.2
